hash: 1898b936849f2f84b73903e53e4d538428b03d75b575039ccdea8d3dc397c008
updated: 2018-06-02T23:28:34.544543133+01:00
imports:
- name: github.com/bwmarrin/discordgo
  version: 4a33b9bc7c56cfdb9bb244e33e83cb3941fe2bdc
- name: github.com/gorilla/websocket
  version: c17c80cb48b806045fc338c94c849909a2e41c12
- name: github.com/robfig/cron
  version: b41be1df696709bb6395fe435af20370037c0b4c
- name: golang.org/x/crypto
  version: df8d4716b3472e4a531c33cedbe537dae921a1a9
  subpackages:
  - nacl/secretbox
  - poly1305
  - salsa20/salsa
testImports: []
